// !$*UTF8*$!
{
	archiveVersion = 1;
	classes = {
	};
	objectVersion = 46;
	objects = {

/* Begin PBXBuildFile section */
		0EF70C66BCD0AA442B0961C1 /* Pods_InstagramFirebase.framework in Frameworks */ = {isa = PBXBuildFile; fileRef = 1AEB533906FFF3D98BF13181 /* Pods_InstagramFirebase.framework */; };
		5AA885041F532B4E00E12FD5 /* AppDelegate.swift in Sources */ = {isa = PBXBuildFile; fileRef = 5AA885031F532B4E00E12FD5 /* AppDelegate.swift */; };
		5AA885061F532B4E00E12FD5 /* ViewController.swift in Sources */ = {isa = PBXBuildFile; fileRef = 5AA885051F532B4E00E12FD5 /* ViewController.swift */; };
		5AA885091F532B4E00E12FD5 /* Main.storyboard in Resources */ = {isa = PBXBuildFile; fileRef = 5AA885071F532B4E00E12FD5 /* Main.storyboard */; };
		5AA8850B1F532B4E00E12FD5 /* Assets.xcassets in Resources */ = {isa = PBXBuildFile; fileRef = 5AA8850A1F532B4E00E12FD5 /* Assets.xcassets */; };
		5AA8850E1F532B4E00E12FD5 /* LaunchScreen.storyboard in Resources */ = {isa = PBXBuildFile; fileRef = 5AA8850C1F532B4E00E12FD5 /* LaunchScreen.storyboard */; };
		5ACCC1601F698BA7009B5CD0 /* Extensions.swift in Sources */ = {isa = PBXBuildFile; fileRef = 5ACCC15F1F698BA7009B5CD0 /* Extensions.swift */; };
		5ACCC1621F69974E009B5CD0 /* GoogleService-Info.plist in Resources */ = {isa = PBXBuildFile; fileRef = 5ACCC1611F69974E009B5CD0 /* GoogleService-Info.plist */; };
/* End PBXBuildFile section */

/* Begin PBXFileReference section */
		1AEB533906FFF3D98BF13181 /* Pods_InstagramFirebase.framework */ = {isa = PBXFileReference; explicitFileType = wrapper.framework; includeInIndex = 0; path = Pods_InstagramFirebase.framework; sourceTree = BUILT_PRODUCTS_DIR; };
		5AA885001F532B4E00E12FD5 /* InstagramFirebase.app */ = {isa = PBXFileReference; explicitFileType = wrapper.application; includeInIndex = 0; path = InstagramFirebase.app; sourceTree = BUILT_PRODUCTS_DIR; };
		5AA885031F532B4E00E12FD5 /* AppDelegate.swift */ = {isa = PBXFileReference; lastKnownFileType = sourcecode.swift; path = AppDelegate.swift; sourceTree = "<group>"; };
		5AA885051F532B4E00E12FD5 /* ViewController.swift */ = {isa = PBXFileReference; lastKnownFileType = sourcecode.swift; path = ViewController.swift; sourceTree = "<group>"; };
		5AA885081F532B4E00E12FD5 /* Base */ = {isa = PBXFileReference; lastKnownFileType = file.storyboard; name = Base; path = Base.lproj/Main.storyboard; sourceTree = "<group>"; };
		5AA8850A1F532B4E00E12FD5 /* Assets.xcassets */ = {isa = PBXFileReference; lastKnownFileType = folder.assetcatalog; path = Assets.xcassets; sourceTree = "<group>"; };
		5AA8850D1F532B4E00E12FD5 /* Base */ = {isa = PBXFileReference; lastKnownFileType = file.storyboard; name = Base; path = Base.lproj/LaunchScreen.storyboard; sourceTree = "<group>"; };
		5AA8850F1F532B4E00E12FD5 /* Info.plist */ = {isa = PBXFileReference; lastKnownFileType = text.plist.xml; path = Info.plist; sourceTree = "<group>"; };
		5ACCC15F1F698BA7009B5CD0 /* Extensions.swift */ = {isa = PBXFileReference; fileEncoding = 4; lastKnownFileType = sourcecode.swift; path = Extensions.swift; sourceTree = "<group>"; };
		5ACCC1611F69974E009B5CD0 /* GoogleService-Info.plist */ = {isa = PBXFileReference; fileEncoding = 4; lastKnownFileType = text.plist.xml; path = "GoogleService-Info.plist"; sourceTree = "<group>"; };
		7D5C2AB3E63835DE6536C59E /* Pods-InstagramFirebase.debug.xcconfig */ = {isa = PBXFileReference; includeInIndex = 1; lastKnownFileType = text.xcconfig; name = "Pods-InstagramFirebase.debug.xcconfig"; path = "Pods/Target Support Files/Pods-InstagramFirebase/Pods-InstagramFirebase.debug.xcconfig"; sourceTree = "<group>"; };
		F07087DB69416734053E90DD /* Pods-InstagramFirebase.release.xcconfig */ = {isa = PBXFileReference; includeInIndex = 1; lastKnownFileType = text.xcconfig; name = "Pods-InstagramFirebase.release.xcconfig"; path = "Pods/Target Support Files/Pods-InstagramFirebase/Pods-InstagramFirebase.release.xcconfig"; sourceTree = "<group>"; };
/* End PBXFileReference section */

/* Begin PBXFrameworksBuildPhase section */
		5AA884FD1F532B4E00E12FD5 /* Frameworks */ = {
			isa = PBXFrameworksBuildPhase;
			buildActionMask = 2147483647;
			files = (
				0EF70C66BCD0AA442B0961C1 /* Pods_InstagramFirebase.framework in Frameworks */,
			);
			runOnlyForDeploymentPostprocessing = 0;
		};
/* End PBXFrameworksBuildPhase section */

/* Begin PBXGroup section */
		5AA884F71F532B4E00E12FD5 = {
			isa = PBXGroup;
			children = (
				5AA885021F532B4E00E12FD5 /* InstagramFirebase */,
				5AA885011F532B4E00E12FD5 /* Products */,
				A00BCDA0284F6AB5FDEF2B72 /* Pods */,
				789FADDE6505B75DF6764062 /* Frameworks */,
			);
			sourceTree = "<group>";
		};
		5AA885011F532B4E00E12FD5 /* Products */ = {
			isa = PBXGroup;
			children = (
				5AA885001F532B4E00E12FD5 /* InstagramFirebase.app */,
			);
			name = Products;
			sourceTree = "<group>";
		};
		5AA885021F532B4E00E12FD5 /* InstagramFirebase */ = {
			isa = PBXGroup;
			children = (
				5ACCC15E1F698B6B009B5CD0 /* Utils */,
				5AA885031F532B4E00E12FD5 /* AppDelegate.swift */,
				5AA885051F532B4E00E12FD5 /* ViewController.swift */,
				5AA885071F532B4E00E12FD5 /* Main.storyboard */,
				5AA8850A1F532B4E00E12FD5 /* Assets.xcassets */,
				5AA8850C1F532B4E00E12FD5 /* LaunchScreen.storyboard */,
				5AA8850F1F532B4E00E12FD5 /* Info.plist */,
				5ACCC1611F69974E009B5CD0 /* GoogleService-Info.plist */,
			);
			path = InstagramFirebase;
			sourceTree = "<group>";
		};
		5ACCC15E1F698B6B009B5CD0 /* Utils */ = {
			isa = PBXGroup;
			children = (
				5ACCC15F1F698BA7009B5CD0 /* Extensions.swift */,
			);
			name = Utils;
			sourceTree = "<group>";
		};
		789FADDE6505B75DF6764062 /* Frameworks */ = {
			isa = PBXGroup;
			children = (
				1AEB533906FFF3D98BF13181 /* Pods_InstagramFirebase.framework */,
			);
			name = Frameworks;
			sourceTree = "<group>";
		};
		A00BCDA0284F6AB5FDEF2B72 /* Pods */ = {
			isa = PBXGroup;
			children = (
				7D5C2AB3E63835DE6536C59E /* Pods-InstagramFirebase.debug.xcconfig */,
				F07087DB69416734053E90DD /* Pods-InstagramFirebase.release.xcconfig */,
			);
			name = Pods;
			sourceTree = "<group>";
		};
/* End PBXGroup section */

/* Begin PBXNativeTarget section */
		5AA884FF1F532B4E00E12FD5 /* InstagramFirebase */ = {
			isa = PBXNativeTarget;
			buildConfigurationList = 5AA885121F532B4E00E12FD5 /* Build configuration list for PBXNativeTarget "InstagramFirebase" */;
			buildPhases = (
				0543DB66D45733DC78500342 /* [CP] Check Pods Manifest.lock */,
				5AA884FC1F532B4E00E12FD5 /* Sources */,
				5AA884FD1F532B4E00E12FD5 /* Frameworks */,
				5AA884FE1F532B4E00E12FD5 /* Resources */,
				3194035C808363D731EF7769 /* [CP] Embed Pods Frameworks */,
				68825F5BAA80DCBDC8F68648 /* [CP] Copy Pods Resources */,
			);
			buildRules = (
			);
			dependencies = (
			);
			name = InstagramFirebase;
			productName = InstagramFirebase;
			productReference = 5AA885001F532B4E00E12FD5 /* InstagramFirebase.app */;
			productType = "com.apple.product-type.application";
		};
/* End PBXNativeTarget section */

/* Begin PBXProject section */
		5AA884F81F532B4E00E12FD5 /* Project object */ = {
			isa = PBXProject;
			attributes = {
				LastSwiftUpdateCheck = 0830;
				LastUpgradeCheck = 0830;
				ORGANIZATIONNAME = "Stephan Wegmann";
				TargetAttributes = {
					5AA884FF1F532B4E00E12FD5 = {
						CreatedOnToolsVersion = 8.3.2;
						DevelopmentTeam = M5VFTK8Q75;
						ProvisioningStyle = Automatic;
					};
				};
			};
			buildConfigurationList = 5AA884FB1F532B4E00E12FD5 /* Build configuration list for PBXProject "InstagramFirebase" */;
			compatibilityVersion = "Xcode 3.2";
			developmentRegion = English;
			hasScannedForEncodings = 0;
			knownRegions = (
				en,
				Base,
			);
			mainGroup = 5AA884F71F532B4E00E12FD5;
			productRefGroup = 5AA885011F532B4E00E12FD5 /* Products */;
			projectDirPath = "";
			projectRoot = "";
			targets = (
				5AA884FF1F532B4E00E12FD5 /* InstagramFirebase */,
			);
		};
/* End PBXProject section */

/* Begin PBXResourcesBuildPhase section */
		5AA884FE1F532B4E00E12FD5 /* Resources */ = {
			isa = PBXResourcesBuildPhase;
			buildActionMask = 2147483647;
			files = (
				5AA8850E1F532B4E00E12FD5 /* LaunchScreen.storyboard in Resources */,
				5AA8850B1F532B4E00E12FD5 /* Assets.xcassets in Resources */,
				5ACCC1621F69974E009B5CD0 /* GoogleService-Info.plist in Resources */,
				5AA885091F532B4E00E12FD5 /* Main.storyboard in Resources */,
			);
			runOnlyForDeploymentPostprocessing = 0;
		};
/* End PBXResourcesBuildPhase section */

/* Begin PBXShellScriptBuildPhase section */
		0543DB66D45733DC78500342 /* [CP] Check Pods Manifest.lock */ = {
			isa = PBXShellScriptBuildPhase;
			buildActionMask = 2147483647;
			files = (
			);
			inputPaths = (
			);
			name = "[CP] Check Pods Manifest.lock";
			outputPaths = (
			);
			runOnlyForDeploymentPostprocessing = 0;
			shellPath = /bin/sh;
			shellScript = "diff \"${PODS_ROOT}/../Podfile.lock\" \"${PODS_ROOT}/Manifest.lock\" > /dev/null\nif [ $? != 0 ] ; then\n    # print error to STDERR\n    echo \"error: The sandbox is not in sync with the Podfile.lock. Run 'pod install' or update your CocoaPods installation.\" >&2\n    exit 1\nfi\n";
			showEnvVarsInLog = 0;
		};
		3194035C808363D731EF7769 /* [CP] Embed Pods Frameworks */ = {
			isa = PBXShellScriptBuildPhase;
			buildActionMask = 2147483647;
			files = (
			);
			inputPaths = (
			);
			name = "[CP] Embed Pods Frameworks";
			outputPaths = (
			);
			runOnlyForDeploymentPostprocessing = 0;
			shellPath = /bin/sh;
			shellScript = "\"${SRCROOT}/Pods/Target Support Files/Pods-InstagramFirebase/Pods-InstagramFirebase-frameworks.sh\"\n";
			showEnvVarsInLog = 0;
		};
		68825F5BAA80DCBDC8F68648 /* [CP] Copy Pods Resources */ = {
			isa = PBXShellScriptBuildPhase;
			buildActionMask = 2147483647;
			files = (
			);
			inputPaths = (
			);
			name = "[CP] Copy Pods Resources";
			outputPaths = (
			);
			runOnlyForDeploymentPostprocessing = 0;
			shellPath = /bin/sh;
			shellScript = "\"${SRCROOT}/Pods/Target Support Files/Pods-InstagramFirebase/Pods-InstagramFirebase-resources.sh\"\n";
			showEnvVarsInLog = 0;
		};
/* End PBXShellScriptBuildPhase section */

/* Begin PBXSourcesBuildPhase section */
		5AA884FC1F532B4E00E12FD5 /* Sources */ = {
			isa = PBXSourcesBuildPhase;
			buildActionMask = 2147483647;
			files = (
				5AA885061F532B4E00E12FD5 /* ViewController.swift in Sources */,
				5ACCC1601F698BA7009B5CD0 /* Extensions.swift in Sources */,
				5AA885041F532B4E00E12FD5 /* AppDelegate.swift in Sources */,
			);
			runOnlyForDeploymentPostprocessing = 0;
		};
/* End PBXSourcesBuildPhase section */

/* Begin PBXVariantGroup section */
		5AA885071F532B4E00E12FD5 /* Main.storyboard */ = {
			isa = PBXVariantGroup;
			children = (
				5AA885081F532B4E00E12FD5 /* Base */,
			);
			name = Main.storyboard;
			sourceTree = "<group>";
		};
		5AA8850C1F532B4E00E12FD5 /* LaunchScreen.storyboard */ = {
			isa = PBXVariantGroup;
			children = (
				5AA8850D1F532B4E00E12FD5 /* Base */,
			);
			name = LaunchScreen.storyboard;
			sourceTree = "<group>";
		};
/* End PBXVariantGroup section */

/* Begin XCBuildConfiguration section */
		5AA885101F532B4E00E12FD5 /* Debug */ = {
			isa = XCBuildConfiguration;
			buildSettings = {
				ALWAYS_SEARCH_USER_PATHS = NO;
				CLANG_ANALYZER_NONNULL = YES;
				CLANG_ANALYZER_NUMBER_OBJECT_CONVERSION = YES_AGGRESSIVE;
				CLANG_CXX_LANGUAGE_STANDARD = "gnu++0x";
				CLANG_CXX_LIBRARY = "libc++";
				CLANG_ENABLE_MODULES = YES;
				CLANG_ENABLE_OBJC_ARC = YES;
				CLANG_WARN_BOOL_CONVERSION = YES;
				CLANG_WARN_CONSTANT_CONVERSION = YES;
				CLANG_WARN_DIRECT_OBJC_ISA_USAGE = YES_ERROR;
				CLANG_WARN_DOCUMENTATION_COMMENTS = YES;
				CLANG_WARN_EMPTY_BODY = YES;
				CLANG_WARN_ENUM_CONVERSION = YES;
				CLANG_WARN_INFINITE_RECURSION = YES;
				CLANG_WARN_INT_CONVERSION = YES;
				CLANG_WARN_OBJC_ROOT_CLASS = YES_ERROR;
				CLANG_WARN_SUSPICIOUS_MOVE = YES;
				CLANG_WARN_UNREACHABLE_CODE = YES;
				CLANG_WARN__DUPLICATE_METHOD_MATCH = YES;
				"CODE_SIGN_IDENTITY[sdk=iphoneos*]" = "iPhone Developer";
				COPY_PHASE_STRIP = NO;
				DEBUG_INFORMATION_FORMAT = dwarf;
				ENABLE_STRICT_OBJC_MSGSEND = YES;
				ENABLE_TESTABILITY = YES;
				GCC_C_LANGUAGE_STANDARD = gnu99;
				GCC_DYNAMIC_NO_PIC = NO;
				GCC_NO_COMMON_BLOCKS = YES;
				GCC_OPTIMIZATION_LEVEL = 0;
				GCC_PREPROCESSOR_DEFINITIONS = (
					"DEBUG=1",
					"$(inherited)",
				);
				GCC_WARN_64_TO_32_BIT_CONVERSION = YES;
				GCC_WARN_ABOUT_RETURN_TYPE = YES_ERROR;
				GCC_WARN_UNDECLARED_SELECTOR = YES;
				GCC_WARN_UNINITIALIZED_AUTOS = YES_AGGRESSIVE;
				GCC_WARN_UNUSED_FUNCTION = YES;
				GCC_WARN_UNUSED_VARIABLE = YES;
				IPHONEOS_DEPLOYMENT_TARGET = 10.3;
				MTL_ENABLE_DEBUG_INFO = YES;
				ONLY_ACTIVE_ARCH = YES;
				SDKROOT = iphoneos;
				SWIFT_ACTIVE_COMPILATION_CONDITIONS = DEBUG;
				SWIFT_OPTIMIZATION_LEVEL = "-Onone";
				TARGETED_DEVICE_FAMILY = "1,2";
			};
			name = Debug;
		};
		5AA885111F532B4E00E12FD5 /* Release */ = {
			isa = XCBuildConfiguration;
			buildSettings = {
				ALWAYS_SEARCH_USER_PATHS = NO;
				CLANG_ANALYZER_NONNULL = YES;
				CLANG_ANALYZER_NUMBER_OBJECT_CONVERSION = YES_AGGRESSIVE;
				CLANG_CXX_LANGUAGE_STANDARD = "gnu++0x";
				CLANG_CXX_LIBRARY = "libc++";
				CLANG_ENABLE_MODULES = YES;
				CLANG_ENABLE_OBJC_ARC = YES;
				CLANG_WARN_BOOL_CONVERSION = YES;
				CLANG_WARN_CONSTANT_CONVERSION = YES;
				CLANG_WARN_DIRECT_OBJC_ISA_USAGE = YES_ERROR;
				CLANG_WARN_DOCUMENTATION_COMMENTS = YES;
				CLANG_WARN_EMPTY_BODY = YES;
				CLANG_WARN_ENUM_CONVERSION = YES;
				CLANG_WARN_INFINITE_RECURSION = YES;
				CLANG_WARN_INT_CONVERSION = YES;
				CLANG_WARN_OBJC_ROOT_CLASS = YES_ERROR;
				CLANG_WARN_SUSPICIOUS_MOVE = YES;
				CLANG_WARN_UNREACHABLE_CODE = YES;
				CLANG_WARN__DUPLICATE_METHOD_MATCH = YES;
				"CODE_SIGN_IDENTITY[sdk=iphoneos*]" = "iPhone Developer";
				COPY_PHASE_STRIP = NO;
				DEBUG_INFORMATION_FORMAT = "dwarf-with-dsym";
				ENABLE_NS_ASSERTIONS = NO;
				ENABLE_STRICT_OBJC_MSGSEND = YES;
				GCC_C_LANGUAGE_STANDARD = gnu99;
				GCC_NO_COMMON_BLOCKS = YES;
				GCC_WARN_64_TO_32_BIT_CONVERSION = YES;
				GCC_WARN_ABOUT_RETURN_TYPE = YES_ERROR;
				GCC_WARN_UNDECLARED_SELECTOR = YES;
				GCC_WARN_UNINITIALIZED_AUTOS = YES_AGGRESSIVE;
				GCC_WARN_UNUSED_FUNCTION = YES;
				GCC_WARN_UNUSED_VARIABLE = YES;
				IPHONEOS_DEPLOYMENT_TARGET = 10.3;
				MTL_ENABLE_DEBUG_INFO = NO;
				SDKROOT = iphoneos;
				SWIFT_OPTIMIZATION_LEVEL = "-Owholemodule";
				TARGETED_DEVICE_FAMILY = "1,2";
				VALIDATE_PRODUCT = YES;
			};
			name = Release;
		};
		5AA885131F532B4E00E12FD5 /* Debug */ = {
			isa = XCBuildConfiguration;
			baseConfigurationReference = 7D5C2AB3E63835DE6536C59E /* Pods-InstagramFirebase.debug.xcconfig */;
			buildSettings = {
				ASSETCATALOG_COMPILER_APPICON_NAME = AppIcon;
				DEVELOPMENT_TEAM = M5VFTK8Q75;
				INFOPLIST_FILE = InstagramFirebase/Info.plist;
				LD_RUNPATH_SEARCH_PATHS = "$(inherited) @executable_path/Frameworks";
				PRODUCT_BUNDLE_IDENTIFIER = com.articyoulate.InstagramFirebase;
				PRODUCT_NAME = "$(TARGET_NAME)";
				SWIFT_VERSION = 3.0;
			};
			name = Debug;
		};
		5AA885141F532B4E00E12FD5 /* Release */ = {
			isa = XCBuildConfiguration;
			baseConfigurationReference = F07087DB69416734053E90DD /* Pods-InstagramFirebase.release.xcconfig */;
			buildSettings = {
				ASSETCATALOG_COMPILER_APPICON_NAME = AppIcon;
				DEVELOPMENT_TEAM = M5VFTK8Q75;
				INFOPLIST_FILE = InstagramFirebase/Info.plist;
				LD_RUNPATH_SEARCH_PATHS = "$(inherited) @executable_path/Frameworks";
				PRODUCT_BUNDLE_IDENTIFIER = com.articyoulate.InstagramFirebase;
				PRODUCT_NAME = "$(TARGET_NAME)";
				SWIFT_VERSION = 3.0;
			};
			name = Release;
		};
/* End XCBuildConfiguration section */

/* Begin XCConfigurationList section */
		5AA884FB1F532B4E00E12FD5 /* Build configuration list for PBXProject "InstagramFirebase" */ = {
			isa = XCConfigurationList;
			buildConfigurations = (
				5AA885101F532B4E00E12FD5 /* Debug */,
				5AA885111F532B4E00E12FD5 /* Release */,
			);
			defaultConfigurationIsVisible = 0;
			defaultConfigurationName = Release;
		};
		5AA885121F532B4E00E12FD5 /* Build configuration list for PBXNativeTarget "InstagramFirebase" */ = {
			isa = XCConfigurationList;
			buildConfigurations = (
				5AA885131F532B4E00E12FD5 /* Debug */,
				5AA885141F532B4E00E12FD5 /* Release */,
			);
			defaultConfigurationIsVisible = 0;
			defaultConfigurationName = Release;
		};
/* End XCConfigurationList section */
	};
	rootObject = 5AA884F81F532B4E00E12FD5 /* Project object */;
}
